
Microsoft Visual Studio Solution File, Format Version 12.00
# Visual Studio 14
VisualStudioVersion = 14.0.25123.0
MinimumVisualStudioVersion = 10.0.40219.1
Project("{FAE04EC0-301F-11D3-BF4B-00C04F79EFBC}") = "BPAAS_AutoApp", "BPAAS_AutoApp\BPAAS_AutoApp\BPAAS_AutoApp.csproj", "{21F400CC-5AE9-4498-A2E8-50BE265B73A8}"
EndProject
Project("{FAE04EC0-301F-11D3-BF4B-00C04F79EFBC}") = "BPAAS_AutoApp.Droid", "BPAAS_AutoApp\BPAAS_AutoApp.Droid\BPAAS_AutoApp.Droid.csproj", "{26354749-E1C2-40CF-A4E8-BD4D1BC89BAE}"
EndProject
Project("{FAE04EC0-301F-11D3-BF4B-00C04F79EFBC}") = "BPAAS_AutoApp.iOS", "BPAAS_AutoApp\BPAAS_AutoApp.iOS\BPAAS_AutoApp.iOS.csproj", "{6CF9B739-CA8C-4665-86F9-002E9E3C4AE4}"
EndProject
Project("{FAE04EC0-301F-11D3-BF4B-00C04F79EFBC}") = "BPAAS_AutoApp.UWP", "BPAAS_AutoApp\BPAAS_AutoApp.UWP\BPAAS_AutoApp.UWP.csproj", "{89737E29-F5AA-4029-97F4-F5EFBB9C512E}"
EndProject
Project("{FAE04EC0-301F-11D3-BF4B-00C04F79EFBC}") = "BPAAS_AutoApp.Windows", "BPAAS_AutoApp\BPAAS_AutoApp.Windows\BPAAS_AutoApp.Windows.csproj", "{B49CD1F2-A745-4A32-8C95-6746F01CDD52}"
EndProject
Project("{FAE04EC0-301F-11D3-BF4B-00C04F79EFBC}") = "BPAAS_AutoApp.WinPhone", "BPAAS_AutoApp\BPAAS_AutoApp.WinPhone\BPAAS_AutoApp.WinPhone.csproj", "{597B8125-6B16-4E69-82D7-C3D3A60D1781}"
EndProject
Global
	GlobalSection(SolutionConfigurationPlatforms) = preSolution
		Ad-Hoc|Any CPU = Ad-Hoc|Any CPU
		Ad-Hoc|ARM = Ad-Hoc|ARM
		Ad-Hoc|iPhone = Ad-Hoc|iPhone
		Ad-Hoc|iPhoneSimulator = Ad-Hoc|iPhoneSimulator
		Ad-Hoc|x64 = Ad-Hoc|x64
		Ad-Hoc|x86 = Ad-Hoc|x86
		AppStore|Any CPU = AppStore|Any CPU
		AppStore|ARM = AppStore|ARM
		AppStore|iPhone = AppStore|iPhone
		AppStore|iPhoneSimulator = AppStore|iPhoneSimulator
		AppStore|x64 = AppStore|x64
		AppStore|x86 = AppStore|x86
		Debug|Any CPU = Debug|Any CPU
		Debug|ARM = Debug|ARM
		Debug|iPhone = Debug|iPhone
		Debug|iPhoneSimulator = Debug|iPhoneSimulator
		Debug|x64 = Debug|x64
		Debug|x86 = Debug|x86
		Release|Any CPU = Release|Any CPU
		Release|ARM = Release|ARM
		Release|iPhone = Release|iPhone
		Release|iPhoneSimulator = Release|iPhoneSimulator
		Release|x64 = Release|x64
		Release|x86 = Release|x86
	EndGlobalSection
	GlobalSection(ProjectConfigurationPlatforms) = postSolution
		{21F400CC-5AE9-4498-A2E8-50BE265B73A8}.Ad-Hoc|Any CPU.ActiveCfg = Release|Any CPU
		{21F400CC-5AE9-4498-A2E8-50BE265B73A8}.Ad-Hoc|Any CPU.Build.0 = Release|Any CPU
		{21F400CC-5AE9-4498-A2E8-50BE265B73A8}.Ad-Hoc|ARM.ActiveCfg = Release|Any CPU
		{21F400CC-5AE9-4498-A2E8-50BE265B73A8}.Ad-Hoc|ARM.Build.0 = Release|Any CPU
		{21F400CC-5AE9-4498-A2E8-50BE265B73A8}.Ad-Hoc|iPhone.ActiveCfg = Release|Any CPU
		{21F400CC-5AE9-4498-A2E8-50BE265B73A8}.Ad-Hoc|iPhone.Build.0 = Release|Any CPU
		{21F400CC-5AE9-4498-A2E8-50BE265B73A8}.Ad-Hoc|iPhoneSimulator.ActiveCfg = Release|Any CPU
		{21F400CC-5AE9-4498-A2E8-50BE265B73A8}.Ad-Hoc|iPhoneSimulator.Build.0 = Release|Any CPU
		{21F400CC-5AE9-4498-A2E8-50BE265B73A8}.Ad-Hoc|x64.ActiveCfg = Release|Any CPU
		{21F400CC-5AE9-4498-A2E8-50BE265B73A8}.Ad-Hoc|x64.Build.0 = Release|Any CPU
		{21F400CC-5AE9-4498-A2E8-50BE265B73A8}.Ad-Hoc|x86.ActiveCfg = Release|Any CPU
		{21F400CC-5AE9-4498-A2E8-50BE265B73A8}.Ad-Hoc|x86.Build.0 = Release|Any CPU
		{21F400CC-5AE9-4498-A2E8-50BE265B73A8}.AppStore|Any CPU.ActiveCfg = Release|Any CPU
		{21F400CC-5AE9-4498-A2E8-50BE265B73A8}.AppStore|Any CPU.Build.0 = Release|Any CPU
		{21F400CC-5AE9-4498-A2E8-50BE265B73A8}.AppStore|ARM.ActiveCfg = Release|Any CPU
		{21F400CC-5AE9-4498-A2E8-50BE265B73A8}.AppStore|ARM.Build.0 = Release|Any CPU
		{21F400CC-5AE9-4498-A2E8-50BE265B73A8}.AppStore|iPhone.ActiveCfg = Release|Any CPU
		{21F400CC-5AE9-4498-A2E8-50BE265B73A8}.AppStore|iPhone.Build.0 = Release|Any CPU
		{21F400CC-5AE9-4498-A2E8-50BE265B73A8}.AppStore|iPhoneSimulator.ActiveCfg = Release|Any CPU
		{21F400CC-5AE9-4498-A2E8-50BE265B73A8}.AppStore|iPhoneSimulator.Build.0 = Release|Any CPU
		{21F400CC-5AE9-4498-A2E8-50BE265B73A8}.AppStore|x64.ActiveCfg = Release|Any CPU
		{21F400CC-5AE9-4498-A2E8-50BE265B73A8}.AppStore|x64.Build.0 = Release|Any CPU
		{21F400CC-5AE9-4498-A2E8-50BE265B73A8}.AppStore|x86.ActiveCfg = Release|Any CPU
		{21F400CC-5AE9-4498-A2E8-50BE265B73A8}.AppStore|x86.Build.0 = Release|Any CPU
		{21F400CC-5AE9-4498-A2E8-50BE265B73A8}.Debug|Any CPU.ActiveCfg = Debug|Any CPU
		{21F400CC-5AE9-4498-A2E8-50BE265B73A8}.Debug|Any CPU.Build.0 = Debug|Any CPU
		{21F400CC-5AE9-4498-A2E8-50BE265B73A8}.Debug|ARM.ActiveCfg = Debug|Any CPU
		{21F400CC-5AE9-4498-A2E8-50BE265B73A8}.Debug|ARM.Build.0 = Debug|Any CPU
		{21F400CC-5AE9-4498-A2E8-50BE265B73A8}.Debug|iPhone.ActiveCfg = Debug|Any CPU
		{21F400CC-5AE9-4498-A2E8-50BE265B73A8}.Debug|iPhone.Build.0 = Debug|Any CPU
		{21F400CC-5AE9-4498-A2E8-50BE265B73A8}.Debug|iPhoneSimulator.ActiveCfg = Debug|Any CPU
		{21F400CC-5AE9-4498-A2E8-50BE265B73A8}.Debug|iPhoneSimulator.Build.0 = Debug|Any CPU
		{21F400CC-5AE9-4498-A2E8-50BE265B73A8}.Debug|x64.ActiveCfg = Debug|Any CPU
		{21F400CC-5AE9-4498-A2E8-50BE265B73A8}.Debug|x64.Build.0 = Debug|Any CPU
		{21F400CC-5AE9-4498-A2E8-50BE265B73A8}.Debug|x86.ActiveCfg = Debug|Any CPU
		{21F400CC-5AE9-4498-A2E8-50BE265B73A8}.Debug|x86.Build.0 = Debug|Any CPU
		{21F400CC-5AE9-4498-A2E8-50BE265B73A8}.Release|Any CPU.ActiveCfg = Release|Any CPU
		{21F400CC-5AE9-4498-A2E8-50BE265B73A8}.Release|Any CPU.Build.0 = Release|Any CPU
		{21F400CC-5AE9-4498-A2E8-50BE265B73A8}.Release|ARM.ActiveCfg = Release|Any CPU
		{21F400CC-5AE9-4498-A2E8-50BE265B73A8}.Release|ARM.Build.0 = Release|Any CPU
		{21F400CC-5AE9-4498-A2E8-50BE265B73A8}.Release|iPhone.ActiveCfg = Release|Any CPU
		{21F400CC-5AE9-4498-A2E8-50BE265B73A8}.Release|iPhone.Build.0 = Release|Any CPU
		{21F400CC-5AE9-4498-A2E8-50BE265B73A8}.Release|iPhoneSimulator.ActiveCfg = Release|Any CPU
		{21F400CC-5AE9-4498-A2E8-50BE265B73A8}.Release|iPhoneSimulator.Build.0 = Release|Any CPU
		{21F400CC-5AE9-4498-A2E8-50BE265B73A8}.Release|x64.ActiveCfg = Release|Any CPU
		{21F400CC-5AE9-4498-A2E8-50BE265B73A8}.Release|x64.Build.0 = Release|Any CPU
		{21F400CC-5AE9-4498-A2E8-50BE265B73A8}.Release|x86.ActiveCfg = Release|Any CPU
		{21F400CC-5AE9-4498-A2E8-50BE265B73A8}.Release|x86.Build.0 = Release|Any CPU
		{26354749-E1C2-40CF-A4E8-BD4D1BC89BAE}.Ad-Hoc|Any CPU.ActiveCfg = Release|Any CPU
		{26354749-E1C2-40CF-A4E8-BD4D1BC89BAE}.Ad-Hoc|Any CPU.Build.0 = Release|Any CPU
		{26354749-E1C2-40CF-A4E8-BD4D1BC89BAE}.Ad-Hoc|Any CPU.Deploy.0 = Release|Any CPU
		{26354749-E1C2-40CF-A4E8-BD4D1BC89BAE}.Ad-Hoc|ARM.ActiveCfg = Release|Any CPU
		{26354749-E1C2-40CF-A4E8-BD4D1BC89BAE}.Ad-Hoc|ARM.Build.0 = Release|Any CPU
		{26354749-E1C2-40CF-A4E8-BD4D1BC89BAE}.Ad-Hoc|ARM.Deploy.0 = Release|Any CPU
		{26354749-E1C2-40CF-A4E8-BD4D1BC89BAE}.Ad-Hoc|iPhone.ActiveCfg = Release|Any CPU
		{26354749-E1C2-40CF-A4E8-BD4D1BC89BAE}.Ad-Hoc|iPhone.Build.0 = Release|Any CPU
		{26354749-E1C2-40CF-A4E8-BD4D1BC89BAE}.Ad-Hoc|iPhone.Deploy.0 = Release|Any CPU
		{26354749-E1C2-40CF-A4E8-BD4D1BC89BAE}.Ad-Hoc|iPhoneSimulator.ActiveCfg = Release|Any CPU
		{26354749-E1C2-40CF-A4E8-BD4D1BC89BAE}.Ad-Hoc|iPhoneSimulator.Build.0 = Release|Any CPU
		{26354749-E1C2-40CF-A4E8-BD4D1BC89BAE}.Ad-Hoc|iPhoneSimulator.Deploy.0 = Release|Any CPU
		{26354749-E1C2-40CF-A4E8-BD4D1BC89BAE}.Ad-Hoc|x64.ActiveCfg = Release|Any CPU
		{26354749-E1C2-40CF-A4E8-BD4D1BC89BAE}.Ad-Hoc|x64.Build.0 = Release|Any CPU
		{26354749-E1C2-40CF-A4E8-BD4D1BC89BAE}.Ad-Hoc|x64.Deploy.0 = Release|Any CPU
		{26354749-E1C2-40CF-A4E8-BD4D1BC89BAE}.Ad-Hoc|x86.ActiveCfg = Release|Any CPU
		{26354749-E1C2-40CF-A4E8-BD4D1BC89BAE}.Ad-Hoc|x86.Build.0 = Release|Any CPU
		{26354749-E1C2-40CF-A4E8-BD4D1BC89BAE}.Ad-Hoc|x86.Deploy.0 = Release|Any CPU
		{26354749-E1C2-40CF-A4E8-BD4D1BC89BAE}.AppStore|Any CPU.ActiveCfg = Release|Any CPU
		{26354749-E1C2-40CF-A4E8-BD4D1BC89BAE}.AppStore|Any CPU.Build.0 = Release|Any CPU
		{26354749-E1C2-40CF-A4E8-BD4D1BC89BAE}.AppStore|Any CPU.Deploy.0 = Release|Any CPU
		{26354749-E1C2-40CF-A4E8-BD4D1BC89BAE}.AppStore|ARM.ActiveCfg = Release|Any CPU
		{26354749-E1C2-40CF-A4E8-BD4D1BC89BAE}.AppStore|ARM.Build.0 = Release|Any CPU
		{26354749-E1C2-40CF-A4E8-BD4D1BC89BAE}.AppStore|ARM.Deploy.0 = Release|Any CPU
		{26354749-E1C2-40CF-A4E8-BD4D1BC89BAE}.AppStore|iPhone.ActiveCfg = Release|Any CPU
		{26354749-E1C2-40CF-A4E8-BD4D1BC89BAE}.AppStore|iPhone.Build.0 = Release|Any CPU
		{26354749-E1C2-40CF-A4E8-BD4D1BC89BAE}.AppStore|iPhone.Deploy.0 = Release|Any CPU
		{26354749-E1C2-40CF-A4E8-BD4D1BC89BAE}.AppStore|iPhoneSimulator.ActiveCfg = Release|Any CPU
		{26354749-E1C2-40CF-A4E8-BD4D1BC89BAE}.AppStore|iPhoneSimulator.Build.0 = Release|Any CPU
		{26354749-E1C2-40CF-A4E8-BD4D1BC89BAE}.AppStore|iPhoneSimulator.Deploy.0 = Release|Any CPU
		{26354749-E1C2-40CF-A4E8-BD4D1BC89BAE}.AppStore|x64.ActiveCfg = Release|Any CPU
		{26354749-E1C2-40CF-A4E8-BD4D1BC89BAE}.AppStore|x64.Build.0 = Release|Any CPU
		{26354749-E1C2-40CF-A4E8-BD4D1BC89BAE}.AppStore|x64.Deploy.0 = Release|Any CPU
		{26354749-E1C2-40CF-A4E8-BD4D1BC89BAE}.AppStore|x86.ActiveCfg = Release|Any CPU
		{26354749-E1C2-40CF-A4E8-BD4D1BC89BAE}.AppStore|x86.Build.0 = Release|Any CPU
		{26354749-E1C2-40CF-A4E8-BD4D1BC89BAE}.AppStore|x86.Deploy.0 = Release|Any CPU
		{26354749-E1C2-40CF-A4E8-BD4D1BC89BAE}.Debug|Any CPU.ActiveCfg = Debug|Any CPU
		{26354749-E1C2-40CF-A4E8-BD4D1BC89BAE}.Debug|Any CPU.Build.0 = Debug|Any CPU
		{26354749-E1C2-40CF-A4E8-BD4D1BC89BAE}.Debug|Any CPU.Deploy.0 = Debug|Any CPU
		{26354749-E1C2-40CF-A4E8-BD4D1BC89BAE}.Debug|ARM.ActiveCfg = Debug|Any CPU
		{26354749-E1C2-40CF-A4E8-BD4D1BC89BAE}.Debug|ARM.Build.0 = Debug|Any CPU
		{26354749-E1C2-40CF-A4E8-BD4D1BC89BAE}.Debug|ARM.Deploy.0 = Debug|Any CPU
		{26354749-E1C2-40CF-A4E8-BD4D1BC89BAE}.Debug|iPhone.ActiveCfg = Debug|Any CPU
		{26354749-E1C2-40CF-A4E8-BD4D1BC89BAE}.Debug|iPhone.Build.0 = Debug|Any CPU
		{26354749-E1C2-40CF-A4E8-BD4D1BC89BAE}.Debug|iPhone.Deploy.0 = Debug|Any CPU
		{26354749-E1C2-40CF-A4E8-BD4D1BC89BAE}.Debug|iPhoneSimulator.ActiveCfg = Debug|Any CPU
		{26354749-E1C2-40CF-A4E8-BD4D1BC89BAE}.Debug|iPhoneSimulator.Build.0 = Debug|Any CPU
		{26354749-E1C2-40CF-A4E8-BD4D1BC89BAE}.Debug|iPhoneSimulator.Deploy.0 = Debug|Any CPU
		{26354749-E1C2-40CF-A4E8-BD4D1BC89BAE}.Debug|x64.ActiveCfg = Debug|Any CPU
		{26354749-E1C2-40CF-A4E8-BD4D1BC89BAE}.Debug|x64.Build.0 = Debug|Any CPU
		{26354749-E1C2-40CF-A4E8-BD4D1BC89BAE}.Debug|x64.Deploy.0 = Debug|Any CPU
		{26354749-E1C2-40CF-A4E8-BD4D1BC89BAE}.Debug|x86.ActiveCfg = Debug|Any CPU
		{26354749-E1C2-40CF-A4E8-BD4D1BC89BAE}.Debug|x86.Build.0 = Debug|Any CPU
		{26354749-E1C2-40CF-A4E8-BD4D1BC89BAE}.Debug|x86.Deploy.0 = Debug|Any CPU
		{26354749-E1C2-40CF-A4E8-BD4D1BC89BAE}.Release|Any CPU.ActiveCfg = Release|Any CPU
		{26354749-E1C2-40CF-A4E8-BD4D1BC89BAE}.Release|Any CPU.Build.0 = Release|Any CPU
		{26354749-E1C2-40CF-A4E8-BD4D1BC89BAE}.Release|Any CPU.Deploy.0 = Release|Any CPU
		{26354749-E1C2-40CF-A4E8-BD4D1BC89BAE}.Release|ARM.ActiveCfg = Release|Any CPU
		{26354749-E1C2-40CF-A4E8-BD4D1BC89BAE}.Release|ARM.Build.0 = Release|Any CPU
		{26354749-E1C2-40CF-A4E8-BD4D1BC89BAE}.Release|ARM.Deploy.0 = Release|Any CPU
		{26354749-E1C2-40CF-A4E8-BD4D1BC89BAE}.Release|iPhone.ActiveCfg = Release|Any CPU
		{26354749-E1C2-40CF-A4E8-BD4D1BC89BAE}.Release|iPhone.Build.0 = Release|Any CPU
		{26354749-E1C2-40CF-A4E8-BD4D1BC89BAE}.Release|iPhone.Deploy.0 = Release|Any CPU
		{26354749-E1C2-40CF-A4E8-BD4D1BC89BAE}.Release|iPhoneSimulator.ActiveCfg = Release|Any CPU
		{26354749-E1C2-40CF-A4E8-BD4D1BC89BAE}.Release|iPhoneSimulator.Build.0 = Release|Any CPU
		{26354749-E1C2-40CF-A4E8-BD4D1BC89BAE}.Release|iPhoneSimulator.Deploy.0 = Release|Any CPU
		{26354749-E1C2-40CF-A4E8-BD4D1BC89BAE}.Release|x64.ActiveCfg = Release|Any CPU
		{26354749-E1C2-40CF-A4E8-BD4D1BC89BAE}.Release|x64.Build.0 = Release|Any CPU
		{26354749-E1C2-40CF-A4E8-BD4D1BC89BAE}.Release|x64.Deploy.0 = Release|Any CPU
		{26354749-E1C2-40CF-A4E8-BD4D1BC89BAE}.Release|x86.ActiveCfg = Release|Any CPU
		{26354749-E1C2-40CF-A4E8-BD4D1BC89BAE}.Release|x86.Build.0 = Release|Any CPU
		{26354749-E1C2-40CF-A4E8-BD4D1BC89BAE}.Release|x86.Deploy.0 = Release|Any CPU
		{6CF9B739-CA8C-4665-86F9-002E9E3C4AE4}.Ad-Hoc|Any CPU.ActiveCfg = Ad-Hoc|iPhone
		{6CF9B739-CA8C-4665-86F9-002E9E3C4AE4}.Ad-Hoc|ARM.ActiveCfg = Ad-Hoc|iPhone
		{6CF9B739-CA8C-4665-86F9-002E9E3C4AE4}.Ad-Hoc|iPhone.ActiveCfg = Ad-Hoc|iPhone
		{6CF9B739-CA8C-4665-86F9-002E9E3C4AE4}.Ad-Hoc|iPhone.Build.0 = Ad-Hoc|iPhone
		{6CF9B739-CA8C-4665-86F9-002E9E3C4AE4}.Ad-Hoc|iPhoneSimulator.ActiveCfg = Ad-Hoc|iPhoneSimulator
		{6CF9B739-CA8C-4665-86F9-002E9E3C4AE4}.Ad-Hoc|iPhoneSimulator.Build.0 = Ad-Hoc|iPhoneSimulator
		{6CF9B739-CA8C-4665-86F9-002E9E3C4AE4}.Ad-Hoc|x64.ActiveCfg = Ad-Hoc|iPhone
		{6CF9B739-CA8C-4665-86F9-002E9E3C4AE4}.Ad-Hoc|x86.ActiveCfg = Ad-Hoc|iPhone
		{6CF9B739-CA8C-4665-86F9-002E9E3C4AE4}.AppStore|Any CPU.ActiveCfg = AppStore|iPhone
		{6CF9B739-CA8C-4665-86F9-002E9E3C4AE4}.AppStore|ARM.ActiveCfg = AppStore|iPhone
		{6CF9B739-CA8C-4665-86F9-002E9E3C4AE4}.AppStore|iPhone.ActiveCfg = AppStore|iPhone
		{6CF9B739-CA8C-4665-86F9-002E9E3C4AE4}.AppStore|iPhone.Build.0 = AppStore|iPhone
		{6CF9B739-CA8C-4665-86F9-002E9E3C4AE4}.AppStore|iPhoneSimulator.ActiveCfg = AppStore|iPhoneSimulator
		{6CF9B739-CA8C-4665-86F9-002E9E3C4AE4}.AppStore|iPhoneSimulator.Build.0 = AppStore|iPhoneSimulator
		{6CF9B739-CA8C-4665-86F9-002E9E3C4AE4}.AppStore|x64.ActiveCfg = AppStore|iPhone
		{6CF9B739-CA8C-4665-86F9-002E9E3C4AE4}.AppStore|x86.ActiveCfg = AppStore|iPhone
		{6CF9B739-CA8C-4665-86F9-002E9E3C4AE4}.Debug|Any CPU.ActiveCfg = Debug|iPhone
		{6CF9B739-CA8C-4665-86F9-002E9E3C4AE4}.Debug|ARM.ActiveCfg = Debug|iPhone
		{6CF9B739-CA8C-4665-86F9-002E9E3C4AE4}.Debug|iPhone.ActiveCfg = Debug|iPhone
		{6CF9B739-CA8C-4665-86F9-002E9E3C4AE4}.Debug|iPhone.Build.0 = Debug|iPhone
		{6CF9B739-CA8C-4665-86F9-002E9E3C4AE4}.Debug|iPhoneSimulator.ActiveCfg = Debug|iPhoneSimulator
		{6CF9B739-CA8C-4665-86F9-002E9E3C4AE4}.Debug|iPhoneSimulator.Build.0 = Debug|iPhoneSimulator
		{6CF9B739-CA8C-4665-86F9-002E9E3C4AE4}.Debug|x64.ActiveCfg = Debug|iPhone
		{6CF9B739-CA8C-4665-86F9-002E9E3C4AE4}.Debug|x86.ActiveCfg = Debug|iPhone
		{6CF9B739-CA8C-4665-86F9-002E9E3C4AE4}.Release|Any CPU.ActiveCfg = Release|iPhone
		{6CF9B739-CA8C-4665-86F9-002E9E3C4AE4}.Release|ARM.ActiveCfg = Release|iPhone
		{6CF9B739-CA8C-4665-86F9-002E9E3C4AE4}.Release|iPhone.ActiveCfg = Release|iPhone
		{6CF9B739-CA8C-4665-86F9-002E9E3C4AE4}.Release|iPhone.Build.0 = Release|iPhone
		{6CF9B739-CA8C-4665-86F9-002E9E3C4AE4}.Release|iPhoneSimulator.ActiveCfg = Release|iPhoneSimulator
		{6CF9B739-CA8C-4665-86F9-002E9E3C4AE4}.Release|iPhoneSimulator.Build.0 = Release|iPhoneSimulator
		{6CF9B739-CA8C-4665-86F9-002E9E3C4AE4}.Release|x64.ActiveCfg = Release|iPhone
		{6CF9B739-CA8C-4665-86F9-002E9E3C4AE4}.Release|x86.ActiveCfg = Release|iPhone
		{89737E29-F5AA-4029-97F4-F5EFBB9C512E}.Ad-Hoc|Any CPU.ActiveCfg = Release|x86
		{89737E29-F5AA-4029-97F4-F5EFBB9C512E}.Ad-Hoc|Any CPU.Build.0 = Release|x86
		{89737E29-F5AA-4029-97F4-F5EFBB9C512E}.Ad-Hoc|Any CPU.Deploy.0 = Release|x86
		{89737E29-F5AA-4029-97F4-F5EFBB9C512E}.Ad-Hoc|ARM.ActiveCfg = Release|ARM
		{89737E29-F5AA-4029-97F4-F5EFBB9C512E}.Ad-Hoc|ARM.Build.0 = Release|ARM
		{89737E29-F5AA-4029-97F4-F5EFBB9C512E}.Ad-Hoc|ARM.Deploy.0 = Release|ARM
		{89737E29-F5AA-4029-97F4-F5EFBB9C512E}.Ad-Hoc|iPhone.ActiveCfg = Release|x86
		{89737E29-F5AA-4029-97F4-F5EFBB9C512E}.Ad-Hoc|iPhone.Build.0 = Release|x86
		{89737E29-F5AA-4029-97F4-F5EFBB9C512E}.Ad-Hoc|iPhone.Deploy.0 = Release|x86
		{89737E29-F5AA-4029-97F4-F5EFBB9C512E}.Ad-Hoc|iPhoneSimulator.ActiveCfg = Release|x86
		{89737E29-F5AA-4029-97F4-F5EFBB9C512E}.Ad-Hoc|iPhoneSimulator.Build.0 = Release|x86
		{89737E29-F5AA-4029-97F4-F5EFBB9C512E}.Ad-Hoc|iPhoneSimulator.Deploy.0 = Release|x86
		{89737E29-F5AA-4029-97F4-F5EFBB9C512E}.Ad-Hoc|x64.ActiveCfg = Release|x64
		{89737E29-F5AA-4029-97F4-F5EFBB9C512E}.Ad-Hoc|x64.Build.0 = Release|x64
		{89737E29-F5AA-4029-97F4-F5EFBB9C512E}.Ad-Hoc|x64.Deploy.0 = Release|x64
		{89737E29-F5AA-4029-97F4-F5EFBB9C512E}.Ad-Hoc|x86.ActiveCfg = Release|x86
		{89737E29-F5AA-4029-97F4-F5EFBB9C512E}.Ad-Hoc|x86.Build.0 = Release|x86
		{89737E29-F5AA-4029-97F4-F5EFBB9C512E}.Ad-Hoc|x86.Deploy.0 = Release|x86
		{89737E29-F5AA-4029-97F4-F5EFBB9C512E}.AppStore|Any CPU.ActiveCfg = Release|x86
		{89737E29-F5AA-4029-97F4-F5EFBB9C512E}.AppStore|Any CPU.Build.0 = Release|x86
		{89737E29-F5AA-4029-97F4-F5EFBB9C512E}.AppStore|Any CPU.Deploy.0 = Release|x86
		{89737E29-F5AA-4029-97F4-F5EFBB9C512E}.AppStore|ARM.ActiveCfg = Release|ARM
		{89737E29-F5AA-4029-97F4-F5EFBB9C512E}.AppStore|ARM.Build.0 = Release|ARM
		{89737E29-F5AA-4029-97F4-F5EFBB9C512E}.AppStore|ARM.Deploy.0 = Release|ARM
		{89737E29-F5AA-4029-97F4-F5EFBB9C512E}.AppStore|iPhone.ActiveCfg = Release|x86
		{89737E29-F5AA-4029-97F4-F5EFBB9C512E}.AppStore|iPhone.Build.0 = Release|x86
		{89737E29-F5AA-4029-97F4-F5EFBB9C512E}.AppStore|iPhone.Deploy.0 = Release|x86
		{89737E29-F5AA-4029-97F4-F5EFBB9C512E}.AppStore|iPhoneSimulator.ActiveCfg = Release|x86
		{89737E29-F5AA-4029-97F4-F5EFBB9C512E}.AppStore|iPhoneSimulator.Build.0 = Release|x86
		{89737E29-F5AA-4029-97F4-F5EFBB9C512E}.AppStore|iPhoneSimulator.Deploy.0 = Release|x86
		{89737E29-F5AA-4029-97F4-F5EFBB9C512E}.AppStore|x64.ActiveCfg = Release|x64
		{89737E29-F5AA-4029-97F4-F5EFBB9C512E}.AppStore|x64.Build.0 = Release|x64
		{89737E29-F5AA-4029-97F4-F5EFBB9C512E}.AppStore|x64.Deploy.0 = Release|x64
		{89737E29-F5AA-4029-97F4-F5EFBB9C512E}.AppStore|x86.ActiveCfg = Release|x86
		{89737E29-F5AA-4029-97F4-F5EFBB9C512E}.AppStore|x86.Build.0 = Release|x86
		{89737E29-F5AA-4029-97F4-F5EFBB9C512E}.AppStore|x86.Deploy.0 = Release|x86
		{89737E29-F5AA-4029-97F4-F5EFBB9C512E}.Debug|Any CPU.ActiveCfg = Debug|x86
		{89737E29-F5AA-4029-97F4-F5EFBB9C512E}.Debug|ARM.ActiveCfg = Debug|ARM
		{89737E29-F5AA-4029-97F4-F5EFBB9C512E}.Debug|ARM.Build.0 = Debug|ARM
		{89737E29-F5AA-4029-97F4-F5EFBB9C512E}.Debug|ARM.Deploy.0 = Debug|ARM
		{89737E29-F5AA-4029-97F4-F5EFBB9C512E}.Debug|iPhone.ActiveCfg = Debug|x86
		{89737E29-F5AA-4029-97F4-F5EFBB9C512E}.Debug|iPhoneSimulator.ActiveCfg = Debug|x86
		{89737E29-F5AA-4029-97F4-F5EFBB9C512E}.Debug|x64.ActiveCfg = Debug|x64
		{89737E29-F5AA-4029-97F4-F5EFBB9C512E}.Debug|x64.Build.0 = Debug|x64
		{89737E29-F5AA-4029-97F4-F5EFBB9C512E}.Debug|x64.Deploy.0 = Debug|x64
		{89737E29-F5AA-4029-97F4-F5EFBB9C512E}.Debug|x86.ActiveCfg = Debug|x86
		{89737E29-F5AA-4029-97F4-F5EFBB9C512E}.Debug|x86.Build.0 = Debug|x86
		{89737E29-F5AA-4029-97F4-F5EFBB9C512E}.Debug|x86.Deploy.0 = Debug|x86
		{89737E29-F5AA-4029-97F4-F5EFBB9C512E}.Release|Any CPU.ActiveCfg = Release|x86
		{89737E29-F5AA-4029-97F4-F5EFBB9C512E}.Release|ARM.ActiveCfg = Release|ARM
		{89737E29-F5AA-4029-97F4-F5EFBB9C512E}.Release|ARM.Build.0 = Release|ARM
		{89737E29-F5AA-4029-97F4-F5EFBB9C512E}.Release|ARM.Deploy.0 = Release|ARM
		{89737E29-F5AA-4029-97F4-F5EFBB9C512E}.Release|iPhone.ActiveCfg = Release|x86
		{89737E29-F5AA-4029-97F4-F5EFBB9C512E}.Release|iPhoneSimulator.ActiveCfg = Release|x86
		{89737E29-F5AA-4029-97F4-F5EFBB9C512E}.Release|x64.ActiveCfg = Release|x64
		{89737E29-F5AA-4029-97F4-F5EFBB9C512E}.Release|x64.Build.0 = Release|x64
		{89737E29-F5AA-4029-97F4-F5EFBB9C512E}.Release|x64.Deploy.0 = Release|x64
		{89737E29-F5AA-4029-97F4-F5EFBB9C512E}.Release|x86.ActiveCfg = Release|x86
		{89737E29-F5AA-4029-97F4-F5EFBB9C512E}.Release|x86.Build.0 = Release|x86
		{89737E29-F5AA-4029-97F4-F5EFBB9C512E}.Release|x86.Deploy.0 = Release|x86
		{B49CD1F2-A745-4A32-8C95-6746F01CDD52}.Ad-Hoc|Any CPU.ActiveCfg = Release|Any CPU
		{B49CD1F2-A745-4A32-8C95-6746F01CDD52}.Ad-Hoc|Any CPU.Build.0 = Release|Any CPU
		{B49CD1F2-A745-4A32-8C95-6746F01CDD52}.Ad-Hoc|Any CPU.Deploy.0 = Release|Any CPU
		{B49CD1F2-A745-4A32-8C95-6746F01CDD52}.Ad-Hoc|ARM.ActiveCfg = Release|ARM
		{B49CD1F2-A745-4A32-8C95-6746F01CDD52}.Ad-Hoc|ARM.Build.0 = Release|ARM
		{B49CD1F2-A745-4A32-8C95-6746F01CDD52}.Ad-Hoc|ARM.Deploy.0 = Release|ARM
		{B49CD1F2-A745-4A32-8C95-6746F01CDD52}.Ad-Hoc|iPhone.ActiveCfg = Release|Any CPU
		{B49CD1F2-A745-4A32-8C95-6746F01CDD52}.Ad-Hoc|iPhone.Build.0 = Release|Any CPU
		{B49CD1F2-A745-4A32-8C95-6746F01CDD52}.Ad-Hoc|iPhone.Deploy.0 = Release|Any CPU
		{B49CD1F2-A745-4A32-8C95-6746F01CDD52}.Ad-Hoc|iPhoneSimulator.ActiveCfg = Release|Any CPU
		{B49CD1F2-A745-4A32-8C95-6746F01CDD52}.Ad-Hoc|iPhoneSimulator.Build.0 = Release|Any CPU
		{B49CD1F2-A745-4A32-8C95-6746F01CDD52}.Ad-Hoc|iPhoneSimulator.Deploy.0 = Release|Any CPU
		{B49CD1F2-A745-4A32-8C95-6746F01CDD52}.Ad-Hoc|x64.ActiveCfg = Release|x64
		{B49CD1F2-A745-4A32-8C95-6746F01CDD52}.Ad-Hoc|x64.Build.0 = Release|x64
		{B49CD1F2-A745-4A32-8C95-6746F01CDD52}.Ad-Hoc|x64.Deploy.0 = Release|x64
		{B49CD1F2-A745-4A32-8C95-6746F01CDD52}.Ad-Hoc|x86.ActiveCfg = Release|x86
		{B49CD1F2-A745-4A32-8C95-6746F01CDD52}.Ad-Hoc|x86.Build.0 = Release|x86
		{B49CD1F2-A745-4A32-8C95-6746F01CDD52}.Ad-Hoc|x86.Deploy.0 = Release|x86
		{B49CD1F2-A745-4A32-8C95-6746F01CDD52}.AppStore|Any CPU.ActiveCfg = Release|Any CPU
		{B49CD1F2-A745-4A32-8C95-6746F01CDD52}.AppStore|Any CPU.Build.0 = Release|Any CPU
		{B49CD1F2-A745-4A32-8C95-6746F01CDD52}.AppStore|Any CPU.Deploy.0 = Release|Any CPU
		{B49CD1F2-A745-4A32-8C95-6746F01CDD52}.AppStore|ARM.ActiveCfg = Release|ARM
		{B49CD1F2-A745-4A32-8C95-6746F01CDD52}.AppStore|ARM.Build.0 = Release|ARM
		{B49CD1F2-A745-4A32-8C95-6746F01CDD52}.AppStore|ARM.Deploy.0 = Release|ARM
		{B49CD1F2-A745-4A32-8C95-6746F01CDD52}.AppStore|iPhone.ActiveCfg = Release|Any CPU
		{B49CD1F2-A745-4A32-8C95-6746F01CDD52}.AppStore|iPhone.Build.0 = Release|Any CPU
		{B49CD1F2-A745-4A32-8C95-6746F01CDD52}.AppStore|iPhone.Deploy.0 = Release|Any CPU
		{B49CD1F2-A745-4A32-8C95-6746F01CDD52}.AppStore|iPhoneSimulator.ActiveCfg = Release|Any CPU
		{B49CD1F2-A745-4A32-8C95-6746F01CDD52}.AppStore|iPhoneSimulator.Build.0 = Release|Any CPU
		{B49CD1F2-A745-4A32-8C95-6746F01CDD52}.AppStore|iPhoneSimulator.Deploy.0 = Release|Any CPU
		{B49CD1F2-A745-4A32-8C95-6746F01CDD52}.AppStore|x64.ActiveCfg = Release|x64
		{B49CD1F2-A745-4A32-8C95-6746F01CDD52}.AppStore|x64.Build.0 = Release|x64
		{B49CD1F2-A745-4A32-8C95-6746F01CDD52}.AppStore|x64.Deploy.0 = Release|x64
		{B49CD1F2-A745-4A32-8C95-6746F01CDD52}.AppStore|x86.ActiveCfg = Release|x86
		{B49CD1F2-A745-4A32-8C95-6746F01CDD52}.AppStore|x86.Build.0 = Release|x86
		{B49CD1F2-A745-4A32-8C95-6746F01CDD52}.AppStore|x86.Deploy.0 = Release|x86
		{B49CD1F2-A745-4A32-8C95-6746F01CDD52}.Debug|Any CPU.ActiveCfg = Debug|Any CPU
		{B49CD1F2-A745-4A32-8C95-6746F01CDD52}.Debug|Any CPU.Build.0 = Debug|Any CPU
		{B49CD1F2-A745-4A32-8C95-6746F01CDD52}.Debug|Any CPU.Deploy.0 = Debug|Any CPU
		{B49CD1F2-A745-4A32-8C95-6746F01CDD52}.Debug|ARM.ActiveCfg = Debug|ARM
		{B49CD1F2-A745-4A32-8C95-6746F01CDD52}.Debug|ARM.Build.0 = Debug|ARM
		{B49CD1F2-A745-4A32-8C95-6746F01CDD52}.Debug|ARM.Deploy.0 = Debug|ARM
		{B49CD1F2-A745-4A32-8C95-6746F01CDD52}.Debug|iPhone.ActiveCfg = Debug|Any CPU
		{B49CD1F2-A745-4A32-8C95-6746F01CDD52}.Debug|iPhone.Build.0 = Debug|Any CPU
		{B49CD1F2-A745-4A32-8C95-6746F01CDD52}.Debug|iPhone.Deploy.0 = Debug|Any CPU
		{B49CD1F2-A745-4A32-8C95-6746F01CDD52}.Debug|iPhoneSimulator.ActiveCfg = Debug|Any CPU
		{B49CD1F2-A745-4A32-8C95-6746F01CDD52}.Debug|iPhoneSimulator.Build.0 = Debug|Any CPU
		{B49CD1F2-A745-4A32-8C95-6746F01CDD52}.Debug|iPhoneSimulator.Deploy.0 = Debug|Any CPU
		{B49CD1F2-A745-4A32-8C95-6746F01CDD52}.Debug|x64.ActiveCfg = Debug|x64
		{B49CD1F2-A745-4A32-8C95-6746F01CDD52}.Debug|x64.Build.0 = Debug|x64
		{B49CD1F2-A745-4A32-8C95-6746F01CDD52}.Debug|x64.Deploy.0 = Debug|x64
		{B49CD1F2-A745-4A32-8C95-6746F01CDD52}.Debug|x86.ActiveCfg = Debug|x86
		{B49CD1F2-A745-4A32-8C95-6746F01CDD52}.Debug|x86.Build.0 = Debug|x86
		{B49CD1F2-A745-4A32-8C95-6746F01CDD52}.Debug|x86.Deploy.0 = Debug|x86
		{B49CD1F2-A745-4A32-8C95-6746F01CDD52}.Release|Any CPU.ActiveCfg = Release|Any CPU
		{B49CD1F2-A745-4A32-8C95-6746F01CDD52}.Release|Any CPU.Build.0 = Release|Any CPU
		{B49CD1F2-A745-4A32-8C95-6746F01CDD52}.Release|Any CPU.Deploy.0 = Release|Any CPU
		{B49CD1F2-A745-4A32-8C95-6746F01CDD52}.Release|ARM.ActiveCfg = Release|ARM
		{B49CD1F2-A745-4A32-8C95-6746F01CDD52}.Release|ARM.Build.0 = Release|ARM
		{B49CD1F2-A745-4A32-8C95-6746F01CDD52}.Release|ARM.Deploy.0 = Release|ARM
		{B49CD1F2-A745-4A32-8C95-6746F01CDD52}.Release|iPhone.ActiveCfg = Release|Any CPU
		{B49CD1F2-A745-4A32-8C95-6746F01CDD52}.Release|iPhone.Build.0 = Release|Any CPU
		{B49CD1F2-A745-4A32-8C95-6746F01CDD52}.Release|iPhone.Deploy.0 = Release|Any CPU
		{B49CD1F2-A745-4A32-8C95-6746F01CDD52}.Release|iPhoneSimulator.ActiveCfg = Release|Any CPU
		{B49CD1F2-A745-4A32-8C95-6746F01CDD52}.Release|iPhoneSimulator.Build.0 = Release|Any CPU
		{B49CD1F2-A745-4A32-8C95-6746F01CDD52}.Release|iPhoneSimulator.Deploy.0 = Release|Any CPU
		{B49CD1F2-A745-4A32-8C95-6746F01CDD52}.Release|x64.ActiveCfg = Release|x64
		{B49CD1F2-A745-4A32-8C95-6746F01CDD52}.Release|x64.Build.0 = Release|x64
		{B49CD1F2-A745-4A32-8C95-6746F01CDD52}.Release|x64.Deploy.0 = Release|x64
		{B49CD1F2-A745-4A32-8C95-6746F01CDD52}.Release|x86.ActiveCfg = Release|x86
		{B49CD1F2-A745-4A32-8C95-6746F01CDD52}.Release|x86.Build.0 = Release|x86
		{B49CD1F2-A745-4A32-8C95-6746F01CDD52}.Release|x86.Deploy.0 = Release|x86
		{597B8125-6B16-4E69-82D7-C3D3A60D1781}.Ad-Hoc|Any CPU.ActiveCfg = Release|Any CPU
		{597B8125-6B16-4E69-82D7-C3D3A60D1781}.Ad-Hoc|Any CPU.Build.0 = Release|Any CPU
		{597B8125-6B16-4E69-82D7-C3D3A60D1781}.Ad-Hoc|Any CPU.Deploy.0 = Release|Any CPU
		{597B8125-6B16-4E69-82D7-C3D3A60D1781}.Ad-Hoc|ARM.ActiveCfg = Release|ARM
		{597B8125-6B16-4E69-82D7-C3D3A60D1781}.Ad-Hoc|ARM.Build.0 = Release|ARM
		{597B8125-6B16-4E69-82D7-C3D3A60D1781}.Ad-Hoc|ARM.Deploy.0 = Release|ARM
		{597B8125-6B16-4E69-82D7-C3D3A60D1781}.Ad-Hoc|iPhone.ActiveCfg = Release|Any CPU
		{597B8125-6B16-4E69-82D7-C3D3A60D1781}.Ad-Hoc|iPhone.Build.0 = Release|Any CPU
		{597B8125-6B16-4E69-82D7-C3D3A60D1781}.Ad-Hoc|iPhone.Deploy.0 = Release|Any CPU
		{597B8125-6B16-4E69-82D7-C3D3A60D1781}.Ad-Hoc|iPhoneSimulator.ActiveCfg = Release|Any CPU
		{597B8125-6B16-4E69-82D7-C3D3A60D1781}.Ad-Hoc|iPhoneSimulator.Build.0 = Release|Any CPU
		{597B8125-6B16-4E69-82D7-C3D3A60D1781}.Ad-Hoc|iPhoneSimulator.Deploy.0 = Release|Any CPU
		{597B8125-6B16-4E69-82D7-C3D3A60D1781}.Ad-Hoc|x64.ActiveCfg = Release|Any CPU
		{597B8125-6B16-4E69-82D7-C3D3A60D1781}.Ad-Hoc|x64.Build.0 = Release|Any CPU
		{597B8125-6B16-4E69-82D7-C3D3A60D1781}.Ad-Hoc|x64.Deploy.0 = Release|Any CPU
		{597B8125-6B16-4E69-82D7-C3D3A60D1781}.Ad-Hoc|x86.ActiveCfg = Release|x86
		{597B8125-6B16-4E69-82D7-C3D3A60D1781}.Ad-Hoc|x86.Build.0 = Release|x86
		{597B8125-6B16-4E69-82D7-C3D3A60D1781}.Ad-Hoc|x86.Deploy.0 = Release|x86
		{597B8125-6B16-4E69-82D7-C3D3A60D1781}.AppStore|Any CPU.ActiveCfg = Release|Any CPU
		{597B8125-6B16-4E69-82D7-C3D3A60D1781}.AppStore|Any CPU.Build.0 = Release|Any CPU
		{597B8125-6B16-4E69-82D7-C3D3A60D1781}.AppStore|Any CPU.Deploy.0 = Release|Any CPU
		{597B8125-6B16-4E69-82D7-C3D3A60D1781}.AppStore|ARM.ActiveCfg = Release|ARM
		{597B8125-6B16-4E69-82D7-C3D3A60D1781}.AppStore|ARM.Build.0 = Release|ARM
		{597B8125-6B16-4E69-82D7-C3D3A60D1781}.AppStore|ARM.Deploy.0 = Release|ARM
		{597B8125-6B16-4E69-82D7-C3D3A60D1781}.AppStore|iPhone.ActiveCfg = Release|Any CPU
		{597B8125-6B16-4E69-82D7-C3D3A60D1781}.AppStore|iPhone.Build.0 = Release|Any CPU
		{597B8125-6B16-4E69-82D7-C3D3A60D1781}.AppStore|iPhone.Deploy.0 = Release|Any CPU
		{597B8125-6B16-4E69-82D7-C3D3A60D1781}.AppStore|iPhoneSimulator.ActiveCfg = Release|Any CPU
		{597B8125-6B16-4E69-82D7-C3D3A60D1781}.AppStore|iPhoneSimulator.Build.0 = Release|Any CPU
		{597B8125-6B16-4E69-82D7-C3D3A60D1781}.AppStore|iPhoneSimulator.Deploy.0 = Release|Any CPU
		{597B8125-6B16-4E69-82D7-C3D3A60D1781}.AppStore|x64.ActiveCfg = Release|Any CPU
		{597B8125-6B16-4E69-82D7-C3D3A60D1781}.AppStore|x64.Build.0 = Release|Any CPU
		{597B8125-6B16-4E69-82D7-C3D3A60D1781}.AppStore|x64.Deploy.0 = Release|Any CPU
		{597B8125-6B16-4E69-82D7-C3D3A60D1781}.AppStore|x86.ActiveCfg = Release|x86
		{597B8125-6B16-4E69-82D7-C3D3A60D1781}.AppStore|x86.Build.0 = Release|x86
		{597B8125-6B16-4E69-82D7-C3D3A60D1781}.AppStore|x86.Deploy.0 = Release|x86
		{597B8125-6B16-4E69-82D7-C3D3A60D1781}.Debug|Any CPU.ActiveCfg = Debug|Any CPU
		{597B8125-6B16-4E69-82D7-C3D3A60D1781}.Debug|Any CPU.Build.0 = Debug|Any CPU
		{597B8125-6B16-4E69-82D7-C3D3A60D1781}.Debug|Any CPU.Deploy.0 = Debug|Any CPU
		{597B8125-6B16-4E69-82D7-C3D3A60D1781}.Debug|ARM.ActiveCfg = Debug|ARM
		{597B8125-6B16-4E69-82D7-C3D3A60D1781}.Debug|ARM.Build.0 = Debug|ARM
		{597B8125-6B16-4E69-82D7-C3D3A60D1781}.Debug|ARM.Deploy.0 = Debug|ARM
		{597B8125-6B16-4E69-82D7-C3D3A60D1781}.Debug|iPhone.ActiveCfg = Debug|Any CPU
		{597B8125-6B16-4E69-82D7-C3D3A60D1781}.Debug|iPhone.Build.0 = Debug|Any CPU
		{597B8125-6B16-4E69-82D7-C3D3A60D1781}.Debug|iPhone.Deploy.0 = Debug|Any CPU
		{597B8125-6B16-4E69-82D7-C3D3A60D1781}.Debug|iPhoneSimulator.ActiveCfg = Debug|Any CPU
		{597B8125-6B16-4E69-82D7-C3D3A60D1781}.Debug|iPhoneSimulator.Build.0 = Debug|Any CPU
		{597B8125-6B16-4E69-82D7-C3D3A60D1781}.Debug|iPhoneSimulator.Deploy.0 = Debug|Any CPU
		{597B8125-6B16-4E69-82D7-C3D3A60D1781}.Debug|x64.ActiveCfg = Debug|Any CPU
		{597B8125-6B16-4E69-82D7-C3D3A60D1781}.Debug|x64.Build.0 = Debug|Any CPU
		{597B8125-6B16-4E69-82D7-C3D3A60D1781}.Debug|x64.Deploy.0 = Debug|Any CPU
		{597B8125-6B16-4E69-82D7-C3D3A60D1781}.Debug|x86.ActiveCfg = Debug|x86
		{597B8125-6B16-4E69-82D7-C3D3A60D1781}.Debug|x86.Build.0 = Debug|x86
		{597B8125-6B16-4E69-82D7-C3D3A60D1781}.Debug|x86.Deploy.0 = Debug|x86
		{597B8125-6B16-4E69-82D7-C3D3A60D1781}.Release|Any CPU.ActiveCfg = Release|Any CPU
		{597B8125-6B16-4E69-82D7-C3D3A60D1781}.Release|Any CPU.Build.0 = Release|Any CPU
		{597B8125-6B16-4E69-82D7-C3D3A60D1781}.Release|Any CPU.Deploy.0 = Release|Any CPU
		{597B8125-6B16-4E69-82D7-C3D3A60D1781}.Release|ARM.ActiveCfg = Release|ARM
		{597B8125-6B16-4E69-82D7-C3D3A60D1781}.Release|ARM.Build.0 = Release|ARM
		{597B8125-6B16-4E69-82D7-C3D3A60D1781}.Release|ARM.Deploy.0 = Release|ARM
		{597B8125-6B16-4E69-82D7-C3D3A60D1781}.Release|iPhone.ActiveCfg = Release|Any CPU
		{597B8125-6B16-4E69-82D7-C3D3A60D1781}.Release|iPhone.Build.0 = Release|Any CPU
		{597B8125-6B16-4E69-82D7-C3D3A60D1781}.Release|iPhone.Deploy.0 = Release|Any CPU
		{597B8125-6B16-4E69-82D7-C3D3A60D1781}.Release|iPhoneSimulator.ActiveCfg = Release|Any CPU
		{597B8125-6B16-4E69-82D7-C3D3A60D1781}.Release|iPhoneSimulator.Build.0 = Release|Any CPU
		{597B8125-6B16-4E69-82D7-C3D3A60D1781}.Release|iPhoneSimulator.Deploy.0 = Release|Any CPU
		{597B8125-6B16-4E69-82D7-C3D3A60D1781}.Release|x64.ActiveCfg = Release|Any CPU
		{597B8125-6B16-4E69-82D7-C3D3A60D1781}.Release|x64.Build.0 = Release|Any CPU
		{597B8125-6B16-4E69-82D7-C3D3A60D1781}.Release|x64.Deploy.0 = Release|Any CPU
		{597B8125-6B16-4E69-82D7-C3D3A60D1781}.Release|x86.ActiveCfg = Release|x86
		{597B8125-6B16-4E69-82D7-C3D3A60D1781}.Release|x86.Build.0 = Release|x86
		{597B8125-6B16-4E69-82D7-C3D3A60D1781}.Release|x86.Deploy.0 = Release|x86
	EndGlobalSection
	GlobalSection(SolutionProperties) = preSolution
		HideSolutionNode = FALSE
	EndGlobalSection
EndGlobal
